version = 1
revision = 3
requires-python = "==3.12.*"
resolution-markers = [
    "sys_platform == 'win32'",
    "sys_platform == 'emscripten'",
    "sys_platform != 'emscripten' and sys_platform != 'win32'",
]

[[package]]
name = "aiosqlite"
version = "0.22.1"
source = { registry = "https://pypi.org/simple" }
sdist = { url = "https://files.pythonhosted.org/packages/4e/8a/64761f4005f17809769d23e518d915db74e6310474e733e3593cfc854ef1/aiosqlite-0.22.1.tar.gz", hash = "sha256:043e0bd78d32888c0a9ca90fc788b38796843360c855a7262a532813133a0650", size = 14821, upload-time = "2025-12-23T19:25:43.997Z" }
wheels = [
    { url = "https://files.pythonhosted.org/packages/00/b7/e3bf5133d697a08128598c8d0abc5e16377b51465a33756de24fa7dee953/aiosqlite-0.22.1-py3-none-any.whl", hash = "sha256:21c002eb13823fad740196c5a2e9d8e62f6243bd9e7e4a1f87fb5e44ecb4fceb", size = 17405, upload-time = "2025-12-23T19:25:42.139Z" },
]

[[package]]
name = "backtesting"
version = "0.6.5"
source = { registry = "https://pypi.org/simple" }
dependencies = [
    { name = "bokeh" },
    { name = "numpy" },
    { name = "pandas" },
]
sdist = { url = "https://files.pythonhosted.org/packages/db/cc/a3bf58f45e1a58c28681fe1f173cdf748bd91e7cde60e3dcc29c8e9aa194/backtesting-0.6.5.tar.gz", hash = "sha256:738a1dee28fc53df2eda35ea2f2d1a1c37ddba01df14223fc9e87d80a1efbc2e", size = 194025, upload-time = "2025-07-30T05:57:05.265Z" }
wheels = [
    { url = "https://files.pythonhosted.org/packages/b3/b6/cf57538b968c5caa60ee626ec8be1c31e420067d2a4cf710d81605356f8c/backtesting-0.6.5-py3-none-any.whl", hash = "sha256:8ac2fa500c8fd83dc783b72957b600653a72687986fe3ca86d6ef6c8b8d74363", size = 192105, upload-time = "2025-07-30T05:57:03.322Z" },
]

[[package]]
name = "bokeh"
version = "3.9.1"
source = { registry = "https://pypi.org/simple" }
dependencies = [
    { name = "contourpy" },
    { name = "jinja2" },
    { name = "narwhals" },
    { name = "numpy" },
    { name = "packaging" },
    { name = "pillow" },
    { name = "pyyaml" },
    { name = "tornado", marker = "sys_platform != 'emscripten'" },
    { name = "xyzservices" },
]
sdist = { url = "https://files.pythonhosted.org/packages/fc/cc/754521e919aab05982f126b7702c0a253341ef6b400beca22bc5b4bdcb72/bokeh-3.9.1.tar.gz", hash = "sha256:1463d3c84fba61a925ea6ace0b4d3d9c0160ca214f6851edbfed6dc27e172b60", size = 5749911, upload-time = "2026-06-04T18:04:42.932Z" }
wheels = [
    { url = "https://files.pythonhosted.org/packages/f3/54/40ff985187f0fd1afcedebc23eda0ba92bdbea1e0605cbb878b45391e5e0/bokeh-3.9.1-py3-none-any.whl", hash = "sha256:8bf2aae574509055fbd6b68f023046bebc91b0bbd631d204d0d60863b4237dbd", size = 6406728, upload-time = "2026-06-04T18:04:40.832Z" },
]

[[package]]
name = "colorama"
version = "0.4.6"
source = { registry = "https://pypi.org/simple" }
sdist = { url = "https://files.pythonhosted.org/packages/d8/53/6f443c9a4a8358a93a6792e2acffb9d9d5cb0a5cfd8802644b7b1c9a02e4/colorama-0.4.6.tar.gz", hash = "sha256:08695f5cb7ed6e0531a20572697297273c47b8cae5a63ffc6d6ed5c201be6e44", size = 27697, upload-time = "2022-10-25T02:36:22.414Z" }
wheels = [
    { url = "https://files.pythonhosted.org/packages/d1/d6/3965ed04c63042e047cb6a3e6ed1a63a35087b6a609aa3a15ed8ac56c221/colorama-0.4.6-py2.py3-none-any.whl", hash = "sha256:4f1d9991f5acc0ca119f9d443620b77f9d6b33703e51011c16baf57afb285fc6", size = 25335, upload-time = "2022-10-25T02:36:20.889Z" },
]

[[package]]
name = "contourpy"
version = "1.3.3"
source = { registry = "https://pypi.org/simple" }
dependencies = [
    { name = "numpy" },
]
sdist = { url = "https://files.pythonhosted.org/packages/58/01/1253e6698a07380cd31a736d248a3f2a50a7c88779a1813da27503cadc2a/contourpy-1.3.3.tar.gz", hash = "sha256:083e12155b210502d0bca491432bb04d56dc3432f95a979b429f2848c3dbe880", size = 13466174, upload-time = "2025-07-26T12:03:12.549Z" }
wheels = [
    { url = "https://files.pythonhosted.org/packages/be/45/adfee365d9ea3d853550b2e735f9d66366701c65db7855cd07621732ccfc/contourpy-1.3.3-cp312-cp312-macosx_10_13_x86_64.whl", hash = "sha256:b08a32ea2f8e42cf1d4be3169a98dd4be32bafe4f22b6c4cb4ba810fa9e5d2cb", size = 293419, upload-time = "2025-07-26T12:01:21.16Z" },
    { url = "https://files.pythonhosted.org/packages/53/3e/405b59cfa13021a56bba395a6b3aca8cec012b45bf177b0eaf7a202cde2c/contourpy-1.3.3-cp312-cp312-macosx_11_0_arm64.whl", hash = "sha256:556dba8fb6f5d8742f2923fe9457dbdd51e1049c4a43fd3986a0b14a1d815fc6", size = 273979, upload-time = "2025-07-26T12:01:22.448Z" },
    { url = "https://files.pythonhosted.org/packages/d4/1c/a12359b9b2ca3a845e8f7f9ac08bdf776114eb931392fcad91743e2ea17b/contourpy-1.3.3-cp312-cp312-manylinux_2_26_aarch64.manylinux_2_28_aarch64.whl", hash = "sha256:92d9abc807cf7d0e047b95ca5d957cf4792fcd04e920ca70d48add15c1a90ea7", size = 332653, upload-time = "2025-07-26T12:01:24.155Z" },
    { url = "https://files.pythonhosted.org/packages/63/12/897aeebfb475b7748ea67b61e045accdfcf0d971f8a588b67108ed7f5512/contourpy-1.3.3-cp312-cp312-manylinux_2_26_ppc64le.manylinux_2_28_ppc64le.whl", hash = "sha256:b2e8faa0ed68cb29af51edd8e24798bb661eac3bd9f65420c1887b6ca89987c8", size = 379536, upload-time = "2025-07-26T12:01:25.91Z" },
    { url = "https://files.pythonhosted.org/packages/43/8a/a8c584b82deb248930ce069e71576fc09bd7174bbd35183b7943fb1064fd/contourpy-1.3.3-cp312-cp312-manylinux_2_26_s390x.manylinux_2_28_s390x.whl", hash = "sha256:626d60935cf668e70a5ce6ff184fd713e9683fb458898e4249b63be9e28286ea", size = 384397, upload-time = "2025-07-26T12:01:27.152Z" },
    { url = "https://files.pythonhosted.org/packages/cc/8f/ec6289987824b29529d0dfda0d74a07cec60e54b9c92f3c9da4c0ac732de/contourpy-1.3.3-cp312-cp312-manylinux_2_27_x86_64.manylinux_2_28_x86_64.whl", hash = "sha256:4d00e655fcef08aba35ec9610536bfe90267d7ab5ba944f7032549c55a146da1", size = 362601, upload-time = "2025-07-26T12:01:28.808Z" },
    { url = "https://files.pythonhosted.org/packages/05/0a/a3fe3be3ee2dceb3e615ebb4df97ae6f3828aa915d3e10549ce016302bd1/contourpy-1.3.3-cp312-cp312-musllinux_1_2_aarch64.whl", hash = "sha256:451e71b5a7d597379ef572de31eeb909a87246974d960049a9848c3bc6c41bf7", size = 1331288, upload-time = "2025-07-26T12:01:31.198Z" },
    { url = "https://files.pythonhosted.org/packages/33/1d/acad9bd4e97f13f3e2b18a3977fe1b4a37ecf3d38d815333980c6c72e963/contourpy-1.3.3-cp312-cp312-musllinux_1_2_x86_64.whl", hash = "sha256:459c1f020cd59fcfe6650180678a9993932d80d44ccde1fa1868977438f0b411", size = 1403386, upload-time = "2025-07-26T12:01:33.947Z" },
    { url = "https://files.pythonhosted.org/packages/cf/8f/5847f44a7fddf859704217a99a23a4f6417b10e5ab1256a179264561540e/contourpy-1.3.3-cp312-cp312-win32.whl", hash = "sha256:023b44101dfe49d7d53932be418477dba359649246075c996866106da069af69", size = 185018, upload-time = "2025-07-26T12:01:35.64Z" },
    { url = "https://files.pythonhosted.org/packages/19/e8/6026ed58a64563186a9ee3f29f41261fd1828f527dd93d33b60feca63352/contourpy-1.3.3-cp312-cp312-win_amd64.whl", hash = "sha256:8153b8bfc11e1e4d75bcb0bff1db232f9e10b274e0929de9d608027e0d34ff8b", size = 226567, upload-time = "2025-07-26T12:01:36.804Z" },
    { url = "https://files.pythonhosted.org/packages/d1/e2/f05240d2c39a1ed228d8328a78b6f44cd695f7ef47beb3e684cf93604f86/contourpy-1.3.3-cp312-cp312-win_arm64.whl", hash = "sha256:07ce5ed73ecdc4a03ffe3e1b3e3c1166db35ae7584be76f65dbbe28a7791b0cc", size = 193655, upload-time = "2025-07-26T12:01:37.999Z" },
]

[[package]]
name = "iniconfig"
version = "2.3.0"
source = { registry = "https://pypi.org/simple" }
sdist = { url = "https://files.pythonhosted.org/packages/72/34/14ca021ce8e5dfedc35312d08ba8bf51fdd999c576889fc2c24cb97f4f10/iniconfig-2.3.0.tar.gz", hash = "sha256:c76315c77db068650d49c5b56314774a7804df16fee4402c1f19d6d15d8c4730", size = 20503, upload-time = "2025-10-18T21:55:43.219Z" }
wheels = [
    { url = "https://files.pythonhosted.org/packages/cb/b1/3846dd7f199d53cb17f49cba7e651e9ce294d8497c8c150530ed11865bb8/iniconfig-2.3.0-py3-none-any.whl", hash = "sha256:f631c04d2c48c52b84d0d0549c99ff3859c98df65b3101406327ecc7d53fbf12", size = 7484, upload-time = "2025-10-18T21:55:41.639Z" },
]

[[package]]
name = "jinja2"
version = "3.1.6"
source = { registry = "https://pypi.org/simple" }
dependencies = [
    { name = "markupsafe" },
]
sdist = { url = "https://files.pythonhosted.org/packages/df/bf/f7da0350254c0ed7c72f3e33cef02e048281fec7ecec5f032d4aac52226b/jinja2-3.1.6.tar.gz", hash = "sha256:0137fb05990d35f1275a587e9aee6d56da821fc83491a0fb838183be43f66d6d", size = 245115, upload-time = "2025-03-05T20:05:02.478Z" }
wheels = [
    { url = "https://files.pythonhosted.org/packages/62/a1/3d680cbfd5f4b8f15abc1d571870c5fc3e594bb582bc3b64ea099db13e56/jinja2-3.1.6-py3-none-any.whl", hash = "sha256:85ece4451f492d0c13c5dd7c13a64681a86afae63a5f347908daf103ce6d2f67", size = 134899, upload-time = "2025-03-05T20:05:00.369Z" },
]

[[package]]
name = "llvmlite"
version = "0.44.0"
source = { registry = "https://pypi.org/simple" }
sdist = { url = "https://files.pythonhosted.org/packages/89/6a/95a3d3610d5c75293d5dbbb2a76480d5d4eeba641557b69fe90af6c5b84e/llvmlite-0.44.0.tar.gz", hash = "sha256:07667d66a5d150abed9157ab6c0b9393c9356f229784a4385c02f99e94fc94d4", size = 171880, upload-time = "2025-01-20T11:14:41.342Z" }
wheels = [
    { url = "https://files.pythonhosted.org/packages/15/86/e3c3195b92e6e492458f16d233e58a1a812aa2bfbef9bdd0fbafcec85c60/llvmlite-0.44.0-cp312-cp312-macosx_10_14_x86_64.whl", hash = "sha256:1d671a56acf725bf1b531d5ef76b86660a5ab8ef19bb6a46064a705c6ca80aad", size = 28132297, upload-time = "2025-01-20T11:13:32.57Z" },
    { url = "https://files.pythonhosted.org/packages/d6/53/373b6b8be67b9221d12b24125fd0ec56b1078b660eeae266ec388a6ac9a0/llvmlite-0.44.0-cp312-cp312-macosx_11_0_arm64.whl", hash = "sha256:5f79a728e0435493611c9f405168682bb75ffd1fbe6fc360733b850c80a026db", size = 26201105, upload-time = "2025-01-20T11:13:38.744Z" },
    { url = "https://files.pythonhosted.org/packages/cb/da/8341fd3056419441286c8e26bf436923021005ece0bff5f41906476ae514/llvmlite-0.44.0-cp312-cp312-manylinux_2_17_x86_64.manylinux2014_x86_64.whl", hash = "sha256:c0143a5ef336da14deaa8ec26c5449ad5b6a2b564df82fcef4be040b9cacfea9", size = 42361901, upload-time = "2025-01-20T11:13:46.711Z" },
    { url = "https://files.pythonhosted.org/packages/53/ad/d79349dc07b8a395a99153d7ce8b01d6fcdc9f8231355a5df55ded649b61/llvmlite-0.44.0-cp312-cp312-manylinux_2_27_aarch64.manylinux_2_28_aarch64.whl", hash = "sha256:d752f89e31b66db6f8da06df8b39f9b91e78c5feea1bf9e8c1fba1d1c24c065d", size = 41184247, upload-time = "2025-01-20T11:13:56.159Z" },
    { url = "https://files.pythonhosted.org/packages/e2/3b/a9a17366af80127bd09decbe2a54d8974b6d8b274b39bf47fbaedeec6307/llvmlite-0.44.0-cp312-cp312-win_amd64.whl", hash = "sha256:eae7e2d4ca8f88f89d315b48c6b741dcb925d6a1042da694aa16ab3dd4cbd3a1", size = 30332380, upload-time = "2025-01-20T11:14:02.442Z" },
]

[[package]]
name = "markupsafe"
version = "3.0.3"
source = { registry = "https://pypi.org/simple" }
sdist = { url = "https://files.pythonhosted.org/packages/7e/99/7690b6d4034fffd95959cbe0c02de8deb3098cc577c67bb6a24fe5d7caa7/markupsafe-3.0.3.tar.gz", hash = "sha256:722695808f4b6457b320fdc131280796bdceb04ab50fe1795cd540799ebe1698", size = 80313, upload-time = "2025-09-27T18:37:40.426Z" }
wheels = [
    { url = "https://files.pythonhosted.org/packages/5a/72/147da192e38635ada20e0a2e1a51cf8823d2119ce8883f7053879c2199b5/markupsafe-3.0.3-cp312-cp312-macosx_10_13_x86_64.whl", hash = "sha256:d53197da72cc091b024dd97249dfc7794d6a56530370992a5e1a08983ad9230e", size = 11615, upload-time = "2025-09-27T18:36:30.854Z" },
    { url = "https://files.pythonhosted.org/packages/9a/81/7e4e08678a1f98521201c3079f77db69fb552acd56067661f8c2f534a718/markupsafe-3.0.3-cp312-cp312-macosx_11_0_arm64.whl", hash = "sha256:1872df69a4de6aead3491198eaf13810b565bdbeec3ae2dc8780f14458ec73ce", size = 12020, upload-time = "2025-09-27T18:36:31.971Z" },
    { url = "https://files.pythonhosted.org/packages/1e/2c/799f4742efc39633a1b54a92eec4082e4f815314869865d876824c257c1e/markupsafe-3.0.3-cp312-cp312-manylinux2014_aarch64.manylinux_2_17_aarch64.manylinux_2_28_aarch64.whl", hash = "sha256:3a7e8ae81ae39e62a41ec302f972ba6ae23a5c5396c8e60113e9066ef893da0d", size = 24332, upload-time = "2025-09-27T18:36:32.813Z" },
    { url = "https://files.pythonhosted.org/packages/3c/2e/8d0c2ab90a8c1d9a24f0399058ab8519a3279d1bd4289511d74e909f060e/markupsafe-3.0.3-cp312-cp312-manylinux2014_x86_64.manylinux_2_17_x86_64.manylinux_2_28_x86_64.whl", hash = "sha256:d6dd0be5b5b189d31db7cda48b91d7e0a9795f31430b7f271219ab30f1d3ac9d", size = 22947, upload-time = "2025-09-27T18:36:33.86Z" },
    { url = "https://files.pythonhosted.org/packages/2c/54/887f3092a85238093a0b2154bd629c89444f395618842e8b0c41783898ea/markupsafe-3.0.3-cp312-cp312-manylinux_2_31_riscv64.manylinux_2_39_riscv64.whl", hash = "sha256:94c6f0bb423f739146aec64595853541634bde58b2135f27f61c1ffd1cd4d16a", size = 21962, upload-time = "2025-09-27T18:36:35.099Z" },
    { url = "https://files.pythonhosted.org/packages/c9/2f/336b8c7b6f4a4d95e91119dc8521402461b74a485558d8f238a68312f11c/markupsafe-3.0.3-cp312-cp312-musllinux_1_2_aarch64.whl", hash = "sha256:be8813b57049a7dc738189df53d69395eba14fb99345e0a5994914a3864c8a4b", size = 23760, upload-time = "2025-09-27T18:36:36.001Z" },
    { url = "https://files.pythonhosted.org/packages/32/43/67935f2b7e4982ffb50a4d169b724d74b62a3964bc1a9a527f5ac4f1ee2b/markupsafe-3.0.3-cp312-cp312-musllinux_1_2_riscv64.whl", hash = "sha256:83891d0e9fb81a825d9a6d61e3f07550ca70a076484292a70fde82c4b807286f", size = 21529, upload-time = "2025-09-27T18:36:36.906Z" },
    { url = "https://files.pythonhosted.org/packages/89/e0/4486f11e51bbba8b0c041098859e869e304d1c261e59244baa3d295d47b7/markupsafe-3.0.3-cp312-cp312-musllinux_1_2_x86_64.whl", hash = "sha256:77f0643abe7495da77fb436f50f8dab76dbc6e5fd25d39589a0f1fe6548bfa2b", size = 23015, upload-time = "2025-09-27T18:36:37.868Z" },
    { url = "https://files.pythonhosted.org/packages/2f/e1/78ee7a023dac597a5825441ebd17170785a9dab23de95d2c7508ade94e0e/markupsafe-3.0.3-cp312-cp312-win32.whl", hash = "sha256:d88b440e37a16e651bda4c7c2b930eb586fd15ca7406cb39e211fcff3bf3017d", size = 14540, upload-time = "2025-09-27T18:36:38.761Z" },
    { url = "https://files.pythonhosted.org/packages/aa/5b/bec5aa9bbbb2c946ca2733ef9c4ca91c91b6a24580193e891b5f7dbe8e1e/markupsafe-3.0.3-cp312-cp312-win_amd64.whl", hash = "sha256:26a5784ded40c9e318cfc2bdb30fe164bdb8665ded9cd64d500a34fb42067b1c", size = 15105, upload-time = "2025-09-27T18:36:39.701Z" },
    { url = "https://files.pythonhosted.org/packages/e5/f1/216fc1bbfd74011693a4fd837e7026152e89c4bcf3e77b6692fba9923123/markupsafe-3.0.3-cp312-cp312-win_arm64.whl", hash = "sha256:35add3b638a5d900e807944a078b51922212fb3dedb01633a8defc4b01a3c85f", size = 13906, upload-time = "2025-09-27T18:36:40.689Z" },
]

[[package]]
name = "narwhals"
version = "2.22.1"
source = { registry = "https://pypi.org/simple" }
sdist = { url = "https://files.pythonhosted.org/packages/62/3c/c4ef2164a71c1a63d7f1ae411c4082c5fa872405106db60a4b7114989ad7/narwhals-2.22.1.tar.gz", hash = "sha256:d62920805a0a43b7ff8b54b0c0d3142d796f8a9301836ada37e573d6a33cbcd9", size = 647493, upload-time = "2026-06-05T12:34:34.051Z" }
wheels = [
    { url = "https://files.pythonhosted.org/packages/48/ca/36339329c4604adbcc99c899b7eb1ce1a555c499b6a6860757dc9bfed36d/narwhals-2.22.1-py3-none-any.whl", hash = "sha256:60567d774edf77db53906f89d9fbd164e66e56d66d388e1e6990f17ac33cfb53", size = 454815, upload-time = "2026-06-05T12:34:32.289Z" },
]

[[package]]
name = "numba"
version = "0.61.2"
source = { registry = "https://pypi.org/simple" }
dependencies = [
    { name = "llvmlite" },
    { name = "numpy" },
]
sdist = { url = "https://files.pythonhosted.org/packages/1c/a0/e21f57604304aa03ebb8e098429222722ad99176a4f979d34af1d1ee80da/numba-0.61.2.tar.gz", hash = "sha256:8750ee147940a6637b80ecf7f95062185ad8726c8c28a2295b8ec1160a196f7d", size = 2820615, upload-time = "2025-04-09T02:58:07.659Z" }
wheels = [
    { url = "https://files.pythonhosted.org/packages/b4/a0/c6b7b9c615cfa3b98c4c63f4316e3f6b3bbe2387740277006551784218cd/numba-0.61.2-cp312-cp312-macosx_10_14_x86_64.whl", hash = "sha256:34fba9406078bac7ab052efbf0d13939426c753ad72946baaa5bf9ae0ebb8dd2", size = 2776626, upload-time = "2025-04-09T02:57:51.857Z" },
    { url = "https://files.pythonhosted.org/packages/92/4a/fe4e3c2ecad72d88f5f8cd04e7f7cff49e718398a2fac02d2947480a00ca/numba-0.61.2-cp312-cp312-macosx_11_0_arm64.whl", hash = "sha256:4ddce10009bc097b080fc96876d14c051cc0c7679e99de3e0af59014dab7dfe8", size = 2779287, upload-time = "2025-04-09T02:57:53.658Z" },
    { url = "https://files.pythonhosted.org/packages/9a/2d/e518df036feab381c23a624dac47f8445ac55686ec7f11083655eb707da3/numba-0.61.2-cp312-cp312-manylinux2014_x86_64.manylinux_2_17_x86_64.whl", hash = "sha256:5b1bb509d01f23d70325d3a5a0e237cbc9544dd50e50588bc581ba860c213546", size = 3885928, upload-time = "2025-04-09T02:57:55.206Z" },
    { url = "https://files.pythonhosted.org/packages/10/0f/23cced68ead67b75d77cfcca3df4991d1855c897ee0ff3fe25a56ed82108/numba-0.61.2-cp312-cp312-manylinux_2_28_aarch64.whl", hash = "sha256:48a53a3de8f8793526cbe330f2a39fe9a6638efcbf11bd63f3d2f9757ae345cd", size = 3577115, upload-time = "2025-04-09T02:57:56.818Z" },
    { url = "https://files.pythonhosted.org/packages/68/1d/ddb3e704c5a8fb90142bf9dc195c27db02a08a99f037395503bfbc1d14b3/numba-0.61.2-cp312-cp312-win_amd64.whl", hash = "sha256:97cf4f12c728cf77c9c1d7c23707e4d8fb4632b46275f8f3397de33e5877af18", size = 2831929, upload-time = "2025-04-09T02:57:58.45Z" },
]

[[package]]
name = "numpy"
version = "2.2.6"
source = { registry = "https://pypi.org/simple" }
sdist = { url = "https://files.pythonhosted.org/packages/76/21/7d2a95e4bba9dc13d043ee156a356c0a8f0c6309dff6b21b4d71a073b8a8/numpy-2.2.6.tar.gz", hash = "sha256:e29554e2bef54a90aa5cc07da6ce955accb83f21ab5de01a62c8478897b264fd", size = 20276440, upload-time = "2025-05-17T22:38:04.611Z" }
wheels = [
    { url = "https://files.pythonhosted.org/packages/82/5d/c00588b6cf18e1da539b45d3598d3557084990dcc4331960c15ee776ee41/numpy-2.2.6-cp312-cp312-macosx_10_13_x86_64.whl", hash = "sha256:41c5a21f4a04fa86436124d388f6ed60a9343a6f767fced1a8a71c3fbca038ff", size = 20875348, upload-time = "2025-05-17T21:34:39.648Z" },
    { url = "https://files.pythonhosted.org/packages/66/ee/560deadcdde6c2f90200450d5938f63a34b37e27ebff162810f716f6a230/numpy-2.2.6-cp312-cp312-macosx_11_0_arm64.whl", hash = "sha256:de749064336d37e340f640b05f24e9e3dd678c57318c7289d222a8a2f543e90c", size = 14119362, upload-time = "2025-05-17T21:35:01.241Z" },
    { url = "https://files.pythonhosted.org/packages/3c/65/4baa99f1c53b30adf0acd9a5519078871ddde8d2339dc5a7fde80d9d87da/numpy-2.2.6-cp312-cp312-macosx_14_0_arm64.whl", hash = "sha256:894b3a42502226a1cac872f840030665f33326fc3dac8e57c607905773cdcde3", size = 5084103, upload-time = "2025-05-17T21:35:10.622Z" },
    { url = "https://files.pythonhosted.org/packages/cc/89/e5a34c071a0570cc40c9a54eb472d113eea6d002e9ae12bb3a8407fb912e/numpy-2.2.6-cp312-cp312-macosx_14_0_x86_64.whl", hash = "sha256:71594f7c51a18e728451bb50cc60a3ce4e6538822731b2933209a1f3614e9282", size = 6625382, upload-time = "2025-05-17T21:35:21.414Z" },
    { url = "https://files.pythonhosted.org/packages/f8/35/8c80729f1ff76b3921d5c9487c7ac3de9b2a103b1cd05e905b3090513510/numpy-2.2.6-cp312-cp312-manylinux_2_17_aarch64.manylinux2014_aarch64.whl", hash = "sha256:f2618db89be1b4e05f7a1a847a9c1c0abd63e63a1607d892dd54668dd92faf87", size = 14018462, upload-time = "2025-05-17T21:35:42.174Z" },
    { url = "https://files.pythonhosted.org/packages/8c/3d/1e1db36cfd41f895d266b103df00ca5b3cbe965184df824dec5c08c6b803/numpy-2.2.6-cp312-cp312-manylinux_2_17_x86_64.manylinux2014_x86_64.whl", hash = "sha256:fd83c01228a688733f1ded5201c678f0c53ecc1006ffbc404db9f7a899ac6249", size = 16527618, upload-time = "2025-05-17T21:36:06.711Z" },
    { url = "https://files.pythonhosted.org/packages/61/c6/03ed30992602c85aa3cd95b9070a514f8b3c33e31124694438d88809ae36/numpy-2.2.6-cp312-cp312-musllinux_1_2_aarch64.whl", hash = "sha256:37c0ca431f82cd5fa716eca9506aefcabc247fb27ba69c5062a6d3ade8cf8f49", size = 15505511, upload-time = "2025-05-17T21:36:29.965Z" },
    { url = "https://files.pythonhosted.org/packages/b7/25/5761d832a81df431e260719ec45de696414266613c9ee268394dd5ad8236/numpy-2.2.6-cp312-cp312-musllinux_1_2_x86_64.whl", hash = "sha256:fe27749d33bb772c80dcd84ae7e8df2adc920ae8297400dabec45f0dedb3f6de", size = 18313783, upload-time = "2025-05-17T21:36:56.883Z" },
    { url = "https://files.pythonhosted.org/packages/57/0a/72d5a3527c5ebffcd47bde9162c39fae1f90138c961e5296491ce778e682/numpy-2.2.6-cp312-cp312-win32.whl", hash = "sha256:4eeaae00d789f66c7a25ac5f34b71a7035bb474e679f410e5e1a94deb24cf2d4", size = 6246506, upload-time = "2025-05-17T21:37:07.368Z" },
    { url = "https://files.pythonhosted.org/packages/36/fa/8c9210162ca1b88529ab76b41ba02d433fd54fecaf6feb70ef9f124683f1/numpy-2.2.6-cp312-cp312-win_amd64.whl", hash = "sha256:c1f9540be57940698ed329904db803cf7a402f3fc200bfe599334c9bd84a40b2", size = 12614190, upload-time = "2025-05-17T21:37:26.213Z" },
]

[[package]]
name = "packaging"
version = "26.2"
source = { registry = "https://pypi.org/simple" }
sdist = { url = "https://files.pythonhosted.org/packages/d7/f1/e7a6dd94a8d4a5626c03e4e99c87f241ba9e350cd9e6d75123f992427270/packaging-26.2.tar.gz", hash = "sha256:ff452ff5a3e828ce110190feff1178bb1f2ea2281fa2075aadb987c2fb221661", size = 228134, upload-time = "2026-04-24T20:15:23.917Z" }
wheels = [
    { url = "https://files.pythonhosted.org/packages/df/b2/87e62e8c3e2f4b32e5fe99e0b86d576da1312593b39f47d8ceef365e95ed/packaging-26.2-py3-none-any.whl", hash = "sha256:5fc45236b9446107ff2415ce77c807cee2862cb6fac22b8a73826d0693b0980e", size = 100195, upload-time = "2026-04-24T20:15:22.081Z" },
]

[[package]]
name = "pandas"
version = "3.0.3"
source = { registry = "https://pypi.org/simple" }
dependencies = [
    { name = "numpy" },
    { name = "python-dateutil" },
    { name = "tzdata", marker = "sys_platform == 'emscripten' or sys_platform == 'win32'" },
]
sdist = { url = "https://files.pythonhosted.org/packages/f8/87/4341c6252d1c47b08768c3d25ac487362bf403f0313ddae4a2a26c9b1b4c/pandas-3.0.3.tar.gz", hash = "sha256:696a4a00a2a2a35d4e5deb3fc946641b96c944f02230e4f76137fe35d806c4fc", size = 4651414, upload-time = "2026-05-11T18:54:29.21Z" }
wheels = [
    { url = "https://files.pythonhosted.org/packages/24/f1/392f8c5bfc16f66a0d2d41561c01627c228fe7ed2a0d056ef11315042570/pandas-3.0.3-cp312-cp312-macosx_10_13_x86_64.whl", hash = "sha256:fed2ff7fd9779120e388e285fc029bd5cf9490cdd2e4166a9ee22c0e49a9ab09", size = 10357846, upload-time = "2026-05-11T18:52:36.143Z" },
    { url = "https://files.pythonhosted.org/packages/cf/3d/b16412745651e855f357e5e66930248688378853a6e2698a214e331fba1f/pandas-3.0.3-cp312-cp312-macosx_11_0_arm64.whl", hash = "sha256:b168fc218fd80a6cbdbdbc1a97ddc7889ed057d7eb45f50d866ceab5f39904c4", size = 9899550, upload-time = "2026-05-11T18:52:38.976Z" },
    { url = "https://files.pythonhosted.org/packages/31/a8/fa2535168fffcedf67f4f6de28d2dd903a747ca7c8ea6989451aaeb3a92f/pandas-3.0.3-cp312-cp312-manylinux_2_24_aarch64.manylinux_2_28_aarch64.whl", hash = "sha256:0383c72c75cdcca61a9e116e611143902dbfd08bff356829c2f6d1cf40a9ca8c", size = 10412965, upload-time = "2026-05-11T18:52:41.915Z" },
    { url = "https://files.pythonhosted.org/packages/65/b6/09b01cdbc15224e2850365192d17b7bdebb8bdbd8780ed221fcdf0d9a515/pandas-3.0.3-cp312-cp312-manylinux_2_24_x86_64.manylinux_2_28_x86_64.whl", hash = "sha256:6dc0b3fd2169c9157deed50b4d519553a3655c8c6a96027136d654592be973a9", size = 10894600, upload-time = "2026-05-11T18:52:45.02Z" },
    { url = "https://files.pythonhosted.org/packages/c9/a4/2eb28f2fccb4ced4a2c79ab2a5dee9ade1ebf44922ebad6fea158c9f95d4/pandas-3.0.3-cp312-cp312-musllinux_1_2_aarch64.whl", hash = "sha256:7e65d5407dc0b394f509699650e4a2ec01c0514f21850f453fa60f3be79a5dbf", size = 11422824, upload-time = "2026-05-11T18:52:48.058Z" },
    { url = "https://files.pythonhosted.org/packages/f8/45/830bb57f533a4604b355e07edcb8ea18cf88b5f94e5fca92f27052d7c597/pandas-3.0.3-cp312-cp312-musllinux_1_2_x86_64.whl", hash = "sha256:f8894dc474d648fe7b6ff0ca9b0bd73950d19952bc1a6534540762c5d79d305c", size = 11950889, upload-time = "2026-05-11T18:52:50.905Z" },
    { url = "https://files.pythonhosted.org/packages/b9/c5/fc1b368f303087d20e8c9bf3d6ceb186263cfac0ade735cd938538bea839/pandas-3.0.3-cp312-cp312-win_amd64.whl", hash = "sha256:c7be265b62cef88e253a941e4698604973736dcfe242fdb5198f0f7bc473cdcc", size = 9755463, upload-time = "2026-05-11T18:52:53.386Z" },
    { url = "https://files.pythonhosted.org/packages/86/bd/fda8f9705b1b09c6ebe14bfc0fa0e4ec8584d54ea673628f157ff55131af/pandas-3.0.3-cp312-cp312-win_arm64.whl", hash = "sha256:557409bc4178e70ee8d9ddb494798e51ebf6ea59330f6be22c51bab2a7db6c49", size = 9066158, upload-time = "2026-05-11T18:52:56.038Z" },
]

[[package]]
name = "pandas-ta"
version = "0.4.71b0"
source = { registry = "https://pypi.org/simple" }
dependencies = [
    { name = "numba" },
    { name = "numpy" },
    { name = "pandas" },
    { name = "tqdm" },
]
sdist = { url = "https://files.pythonhosted.org/packages/95/6d/60b88a0334a8c6a5be114ed2c46c8f3e164127d0eccd9ff99b50773f2b20/pandas_ta-0.4.71b0.tar.gz", hash = "sha256:782ef8a874d2e0bdf80f445136617bda084f1fc5d14d3b1c525b282a152de37a", size = 1310317, upload-time = "2025-09-14T19:08:36.151Z" }
wheels = [
    { url = "https://files.pythonhosted.org/packages/be/2f/c67d49afd31c3b02a02ecb5dd07399ed35298042e1b50d166efe2068bb0e/pandas_ta-0.4.71b0-py3-none-any.whl", hash = "sha256:b1f37831811462685be3ef456cfebc0615ce9c8a4eb31bbaa6b341e1a7767a84", size = 240265, upload-time = "2025-09-14T19:08:34.83Z" },
]

[[package]]
name = "pillow"
version = "12.2.0"
source = { registry = "https://pypi.org/simple" }
sdist = { url = "https://files.pythonhosted.org/packages/8c/21/c2bcdd5906101a30244eaffc1b6e6ce71a31bd0742a01eb89e660ebfac2d/pillow-12.2.0.tar.gz", hash = "sha256:a830b1a40919539d07806aa58e1b114df53ddd43213d9c8b75847eee6c0182b5", size = 46987819, upload-time = "2026-04-01T14:46:17.687Z" }
wheels = [
    { url = "https://files.pythonhosted.org/packages/58/be/7482c8a5ebebbc6470b3eb791812fff7d5e0216c2be3827b30b8bb6603ed/pillow-12.2.0-cp312-cp312-macosx_10_13_x86_64.whl", hash = "sha256:2d192a155bbcec180f8564f693e6fd9bccff5a7af9b32e2e4bf8c9c69dbad6b5", size = 5308279, upload-time = "2026-04-01T14:43:13.246Z" },
    { url = "https://files.pythonhosted.org/packages/d8/95/0a351b9289c2b5cbde0bacd4a83ebc44023e835490a727b2a3bd60ddc0f4/pillow-12.2.0-cp312-cp312-macosx_11_0_arm64.whl", hash = "sha256:f3f40b3c5a968281fd507d519e444c35f0ff171237f4fdde090dd60699458421", size = 4695490, upload-time = "2026-04-01T14:43:15.584Z" },
    { url = "https://files.pythonhosted.org/packages/de/af/4e8e6869cbed569d43c416fad3dc4ecb944cb5d9492defaed89ddd6fe871/pillow-12.2.0-cp312-cp312-manylinux2014_aarch64.manylinux_2_17_aarch64.whl", hash = "sha256:03e7e372d5240cc23e9f07deca4d775c0817bffc641b01e9c3af208dbd300987", size = 6284462, upload-time = "2026-04-01T14:43:18.268Z" },
    { url = "https://files.pythonhosted.org/packages/e9/9e/c05e19657fd57841e476be1ab46c4d501bffbadbafdc31a6d665f8b737b6/pillow-12.2.0-cp312-cp312-manylinux2014_x86_64.manylinux_2_17_x86_64.whl", hash = "sha256:b86024e52a1b269467a802258c25521e6d742349d760728092e1bc2d135b4d76", size = 8094744, upload-time = "2026-04-01T14:43:20.716Z" },
    { url = "https://files.pythonhosted.org/packages/2b/54/1789c455ed10176066b6e7e6da1b01e50e36f94ba584dc68d9eebfe9156d/pillow-12.2.0-cp312-cp312-manylinux_2_27_aarch64.manylinux_2_28_aarch64.whl", hash = "sha256:7371b48c4fa448d20d2714c9a1f775a81155050d383333e0a6c15b1123dda005", size = 6398371, upload-time = "2026-04-01T14:43:23.443Z" },
    { url = "https://files.pythonhosted.org/packages/43/e3/fdc657359e919462369869f1c9f0e973f353f9a9ee295a39b1fea8ee1a77/pillow-12.2.0-cp312-cp312-manylinux_2_27_x86_64.manylinux_2_28_x86_64.whl", hash = "sha256:62f5409336adb0663b7caa0da5c7d9e7bdbaae9ce761d34669420c2a801b2780", size = 7087215, upload-time = "2026-04-01T14:43:26.758Z" },
    { url = "https://files.pythonhosted.org/packages/8b/f8/2f6825e441d5b1959d2ca5adec984210f1ec086435b0ed5f52c19b3b8a6e/pillow-12.2.0-cp312-cp312-musllinux_1_2_aarch64.whl", hash = "sha256:01afa7cf67f74f09523699b4e88c73fb55c13346d212a59a2db1f86b0a63e8c5", size = 6509783, upload-time = "2026-04-01T14:43:29.56Z" },
    { url = "https://files.pythonhosted.org/packages/67/f9/029a27095ad20f854f9dba026b3ea6428548316e057e6fc3545409e86651/pillow-12.2.0-cp312-cp312-musllinux_1_2_x86_64.whl", hash = "sha256:fc3d34d4a8fbec3e88a79b92e5465e0f9b842b628675850d860b8bd300b159f5", size = 7212112, upload-time = "2026-04-01T14:43:32.091Z" },
    { url = "https://files.pythonhosted.org/packages/be/42/025cfe05d1be22dbfdb4f264fe9de1ccda83f66e4fc3aac94748e784af04/pillow-12.2.0-cp312-cp312-win32.whl", hash = "sha256:58f62cc0f00fd29e64b29f4fd923ffdb3859c9f9e6105bfc37ba1d08994e8940", size = 6378489, upload-time = "2026-04-01T14:43:34.601Z" },
    { url = "https://files.pythonhosted.org/packages/5d/7b/25a221d2c761c6a8ae21bfa3874988ff2583e19cf8a27bf2fee358df7942/pillow-12.2.0-cp312-cp312-win_amd64.whl", hash = "sha256:7f84204dee22a783350679a0333981df803dac21a0190d706a50475e361c93f5", size = 7084129, upload-time = "2026-04-01T14:43:37.213Z" },
    { url = "https://files.pythonhosted.org/packages/10/e1/542a474affab20fd4a0f1836cb234e8493519da6b76899e30bcc5d990b8b/pillow-12.2.0-cp312-cp312-win_arm64.whl", hash = "sha256:af73337013e0b3b46f175e79492d96845b16126ddf79c438d7ea7ff27783a414", size = 2463612, upload-time = "2026-04-01T14:43:39.421Z" },
]

[[package]]
name = "pluggy"
version = "1.6.0"
source = { registry = "https://pypi.org/simple" }
sdist = { url = "https://files.pythonhosted.org/packages/f9/e2/3e91f31a7d2b083fe6ef3fa267035b518369d9511ffab804f839851d2779/pluggy-1.6.0.tar.gz", hash = "sha256:7dcc130b76258d33b90f61b658791dede3486c3e6bfb003ee5c9bfb396dd22f3", size = 69412, upload-time = "2025-05-15T12:30:07.975Z" }
wheels = [
    { url = "https://files.pythonhosted.org/packages/54/20/4d324d65cc6d9205fabedc306948156824eb9f0ee1633355a8f7ec5c66bf/pluggy-1.6.0-py3-none-any.whl", hash = "sha256:e920276dd6813095e9377c0bc5566d94c932c33b27a3e3945d8389c374dd4746", size = 20538, upload-time = "2025-05-15T12:30:06.134Z" },
]

[[package]]
name = "pygments"
version = "2.20.0"
source = { registry = "https://pypi.org/simple" }
sdist = { url = "https://files.pythonhosted.org/packages/c3/b2/bc9c9196916376152d655522fdcebac55e66de6603a76a02bca1b6414f6c/pygments-2.20.0.tar.gz", hash = "sha256:6757cd03768053ff99f3039c1a36d6c0aa0b263438fcab17520b30a303a82b5f", size = 4955991, upload-time = "2026-03-29T13:29:33.898Z" }
wheels = [
    { url = "https://files.pythonhosted.org/packages/f4/7e/a72dd26f3b0f4f2bf1dd8923c85f7ceb43172af56d63c7383eb62b332364/pygments-2.20.0-py3-none-any.whl", hash = "sha256:81a9e26dd42fd28a23a2d169d86d7ac03b46e2f8b59ed4698fb4785f946d0176", size = 1231151, upload-time = "2026-03-29T13:29:30.038Z" },
]

[[package]]
name = "pytest"
version = "9.1.1"
source = { registry = "https://pypi.org/simple" }
dependencies = [
    { name = "colorama", marker = "sys_platform == 'win32'" },
    { name = "iniconfig" },
    { name = "packaging" },
    { name = "pluggy" },
    { name = "pygments" },
]
sdist = { url = "https://files.pythonhosted.org/packages/e4/47/b9efed96c114afcfa3c9d3fe98a76a1d14c74a9e266d397cf6eb64be5e01/pytest-9.1.1.tar.gz", hash = "sha256:1088fbde8f2b49d95a549a195707afa7a76a3ce9bcadc26b6d71f0ffda5fe313", size = 1636369, upload-time = "2026-06-19T10:58:32.857Z" }
wheels = [
    { url = "https://files.pythonhosted.org/packages/24/25/1de2678b631f5a49215c6c96fff41ba892b0a34df68d6d80292b1b48aa7f/pytest-9.1.1-py3-none-any.whl", hash = "sha256:37a86b45efb9a47a61a36449063e8e18d0cab3161329fc099eb21783169c4f0c", size = 386536, upload-time = "2026-06-19T10:58:31.347Z" },
]

[[package]]
name = "python-dateutil"
version = "2.9.0.post0"
source = { registry = "https://pypi.org/simple" }
dependencies = [
    { name = "six" },
]
sdist = { url = "https://files.pythonhosted.org/packages/66/c0/0c8b6ad9f17a802ee498c46e004a0eb49bc148f2fd230864601a86dcf6db/python-dateutil-2.9.0.post0.tar.gz", hash = "sha256:37dd54208da7e1cd875388217d5e00ebd4179249f90fb72437e91a35459a0ad3", size = 342432, upload-time = "2024-03-01T18:36:20.211Z" }
wheels = [
    { url = "https://files.pythonhosted.org/packages/ec/57/56b9bcc3c9c6a792fcbaf139543cee77261f3651ca9da0c93f5c1221264b/python_dateutil-2.9.0.post0-py2.py3-none-any.whl", hash = "sha256:a8b2bc7bffae282281c8140a97d3aa9c14da0b136dfe83f850eea9a5f7470427", size = 229892, upload-time = "2024-03-01T18:36:18.57Z" },
]

[[package]]
name = "python-dotenv"
version = "1.2.2"
source = { registry = "https://pypi.org/simple" }
sdist = { url = "https://files.pythonhosted.org/packages/82/ed/0301aeeac3e5353ef3d94b6ec08bbcabd04a72018415dcb29e588514bba8/python_dotenv-1.2.2.tar.gz", hash = "sha256:2c371a91fbd7ba082c2c1dc1f8bf89ca22564a087c2c287cd9b662adde799cf3", size = 50135, upload-time = "2026-03-01T16:00:26.196Z" }
wheels = [
    { url = "https://files.pythonhosted.org/packages/0b/d7/1959b9648791274998a9c3526f6d0ec8fd2233e4d4acce81bbae76b44b2a/python_dotenv-1.2.2-py3-none-any.whl", hash = "sha256:1d8214789a24de455a8b8bd8ae6fe3c6b69a5e3d64aa8a8e5d68e694bbcb285a", size = 22101, upload-time = "2026-03-01T16:00:25.09Z" },
]

[[package]]
name = "python-statemachine"
version = "3.2.0"
source = { registry = "https://pypi.org/simple" }
sdist = { url = "https://files.pythonhosted.org/packages/a3/88/d24d2475069c96bbd752414863d8ffc26ef25f5179c87fda5869ba8cb5d5/python_statemachine-3.2.0.tar.gz", hash = "sha256:44b98cb9bb1081891ef6efa907c821d05cae5314a2b99713e56d56a9c962de08", size = 745821, upload-time = "2026-06-17T02:25:41.347Z" }
wheels = [
    { url = "https://files.pythonhosted.org/packages/d8/e3/25d1076e47554b559332bba62fb4abdc01704ea960f773c8db21b4ea1952/python_statemachine-3.2.0-py3-none-any.whl", hash = "sha256:8909916fc21208680f737d33c891a5331a1a0eeeaf3fe40efa278cb056855aee", size = 152809, upload-time = "2026-06-17T02:25:39.766Z" },
]

[[package]]
name = "pyyaml"
version = "6.0.3"
source = { registry = "https://pypi.org/simple" }
sdist = { url = "https://files.pythonhosted.org/packages/05/8e/961c0007c59b8dd7729d542c61a4d537767a59645b82a0b521206e1e25c2/pyyaml-6.0.3.tar.gz", hash = "sha256:d76623373421df22fb4cf8817020cbb7ef15c725b9d5e45f17e189bfc384190f", size = 130960, upload-time = "2025-09-25T21:33:16.546Z" }
wheels = [
    { url = "https://files.pythonhosted.org/packages/d1/33/422b98d2195232ca1826284a76852ad5a86fe23e31b009c9886b2d0fb8b2/pyyaml-6.0.3-cp312-cp312-macosx_10_13_x86_64.whl", hash = "sha256:7f047e29dcae44602496db43be01ad42fc6f1cc0d8cd6c83d342306c32270196", size = 182063, upload-time = "2025-09-25T21:32:11.445Z" },
    { url = "https://files.pythonhosted.org/packages/89/a0/6cf41a19a1f2f3feab0e9c0b74134aa2ce6849093d5517a0c550fe37a648/pyyaml-6.0.3-cp312-cp312-macosx_11_0_arm64.whl", hash = "sha256:fc09d0aa354569bc501d4e787133afc08552722d3ab34836a80547331bb5d4a0", size = 173973, upload-time = "2025-09-25T21:32:12.492Z" },
    { url = "https://files.pythonhosted.org/packages/ed/23/7a778b6bd0b9a8039df8b1b1d80e2e2ad78aa04171592c8a5c43a56a6af4/pyyaml-6.0.3-cp312-cp312-manylinux2014_aarch64.manylinux_2_17_aarch64.manylinux_2_28_aarch64.whl", hash = "sha256:9149cad251584d5fb4981be1ecde53a1ca46c891a79788c0df828d2f166bda28", size = 775116, upload-time = "2025-09-25T21:32:13.652Z" },
    { url = "https://files.pythonhosted.org/packages/65/30/d7353c338e12baef4ecc1b09e877c1970bd3382789c159b4f89d6a70dc09/pyyaml-6.0.3-cp312-cp312-manylinux2014_s390x.manylinux_2_17_s390x.manylinux_2_28_s390x.whl", hash = "sha256:5fdec68f91a0c6739b380c83b951e2c72ac0197ace422360e6d5a959d8d97b2c", size = 844011, upload-time = "2025-09-25T21:32:15.21Z" },
    { url = "https://files.pythonhosted.org/packages/8b/9d/b3589d3877982d4f2329302ef98a8026e7f4443c765c46cfecc8858c6b4b/pyyaml-6.0.3-cp312-cp312-manylinux2014_x86_64.manylinux_2_17_x86_64.manylinux_2_28_x86_64.whl", hash = "sha256:ba1cc08a7ccde2d2ec775841541641e4548226580ab850948cbfda66a1befcdc", size = 807870, upload-time = "2025-09-25T21:32:16.431Z" },
    { url = "https://files.pythonhosted.org/packages/05/c0/b3be26a015601b822b97d9149ff8cb5ead58c66f981e04fedf4e762f4bd4/pyyaml-6.0.3-cp312-cp312-musllinux_1_2_aarch64.whl", hash = "sha256:8dc52c23056b9ddd46818a57b78404882310fb473d63f17b07d5c40421e47f8e", size = 761089, upload-time = "2025-09-25T21:32:17.56Z" },
    { url = "https://files.pythonhosted.org/packages/be/8e/98435a21d1d4b46590d5459a22d88128103f8da4c2d4cb8f14f2a96504e1/pyyaml-6.0.3-cp312-cp312-musllinux_1_2_x86_64.whl", hash = "sha256:41715c910c881bc081f1e8872880d3c650acf13dfa8214bad49ed4cede7c34ea", size = 790181, upload-time = "2025-09-25T21:32:18.834Z" },
    { url = "https://files.pythonhosted.org/packages/74/93/7baea19427dcfbe1e5a372d81473250b379f04b1bd3c4c5ff825e2327202/pyyaml-6.0.3-cp312-cp312-win32.whl", hash = "sha256:96b533f0e99f6579b3d4d4995707cf36df9100d67e0c8303a0c55b27b5f99bc5", size = 137658, upload-time = "2025-09-25T21:32:20.209Z" },
    { url = "https://files.pythonhosted.org/packages/86/bf/899e81e4cce32febab4fb42bb97dcdf66bc135272882d1987881a4b519e9/pyyaml-6.0.3-cp312-cp312-win_amd64.whl", hash = "sha256:5fcd34e47f6e0b794d17de1b4ff496c00986e1c83f7ab2fb8fcfe9616ff7477b", size = 154003, upload-time = "2025-09-25T21:32:21.167Z" },
    { url = "https://files.pythonhosted.org/packages/1a/08/67bd04656199bbb51dbed1439b7f27601dfb576fb864099c7ef0c3e55531/pyyaml-6.0.3-cp312-cp312-win_arm64.whl", hash = "sha256:64386e5e707d03a7e172c0701abfb7e10f0fb753ee1d773128192742712a98fd", size = 140344, upload-time = "2025-09-25T21:32:22.617Z" },
]

[[package]]
name = "six"
version = "1.17.0"
source = { registry = "https://pypi.org/simple" }
sdist = { url = "https://files.pythonhosted.org/packages/94/e7/b2c673351809dca68a0e064b6af791aa332cf192da575fd474ed7d6f16a2/six-1.17.0.tar.gz", hash = "sha256:ff70335d468e7eb6ec65b95b99d3a2836546063f63acc5171de367e834932a81", size = 34031, upload-time = "2024-12-04T17:35:28.174Z" }
wheels = [
    { url = "https://files.pythonhosted.org/packages/b7/ce/149a00dd41f10bc29e5921b496af8b574d8413afcd5e30dfa0ed46c2cc5e/six-1.17.0-py2.py3-none-any.whl", hash = "sha256:4721f391ed90541fddacab5acf947aa0d3dc7d27b2e1e8eda2be8970586c3274", size = 11050, upload-time = "2024-12-04T17:35:26.475Z" },
]

[[package]]
name = "smc-live-trading"
version = "0.1.0"
source = { virtual = "." }
dependencies = [
    { name = "aiosqlite" },
    { name = "backtesting" },
    { name = "numpy" },
    { name = "pandas" },
    { name = "pandas-ta" },
    { name = "python-dotenv" },
    { name = "python-statemachine" },
]

[package.dev-dependencies]
dev = [
    { name = "pytest" },
]

[package.metadata]
requires-dist = [
    { name = "aiosqlite", specifier = ">=0.22.1" },
    { name = "backtesting", specifier = ">=0.6.5" },
    { name = "numpy", specifier = ">=2.2.6" },
    { name = "pandas", specifier = ">=3.0.3" },
    { name = "pandas-ta", specifier = ">=0.4.71b0" },
    { name = "python-dotenv", specifier = ">=1.2.2" },
    { name = "python-statemachine", specifier = ">=3.2.0" },
]

[package.metadata.requires-dev]
dev = [{ name = "pytest", specifier = ">=9.1.1" }]

[[package]]
name = "tornado"
version = "6.5.7"
source = { registry = "https://pypi.org/simple" }
sdist = { url = "https://files.pythonhosted.org/packages/64/24/95ec527ad67b76d59299e5465b3935d05e4294b7e0290a3924b7487df30b/tornado-6.5.7.tar.gz", hash = "sha256:66c513a76cda70d53907bc27cf1447557699c2e95aa48ba27a442ff61c3ddfc2", size = 519252, upload-time = "2026-06-08T17:34:51.232Z" }
wheels = [
    { url = "https://files.pythonhosted.org/packages/02/dc/c7043cab6fed8ae159fc1923ce829ada35c4dbd797d408a43858ffaf9639/tornado-6.5.7-cp39-abi3-macosx_10_9_universal2.whl", hash = "sha256:148b2eb15c2c765a50796172c1e499649b35f30d2e3c3d3e15913cfa56bfb163", size = 448543, upload-time = "2026-06-08T17:34:38.052Z" },
    { url = "https://files.pythonhosted.org/packages/92/4f/090b1431e5a43df696feceffc268c5383cc079ecb5f08ce58f917109aafe/tornado-6.5.7-cp39-abi3-macosx_10_9_x86_64.whl", hash = "sha256:9da38de27f1da3b78a966f0dae12b5a1ea9afe72ca805d84ff06508272ddf100", size = 446707, upload-time = "2026-06-08T17:34:39.594Z" },
    { url = "https://files.pythonhosted.org/packages/37/d8/ef374952fd5da67d4463122c2b8e5a96536ec10b4b339254c6dcde81d01c/tornado-6.5.7-cp39-abi3-manylinux1_x86_64.manylinux_2_28_x86_64.manylinux_2_5_x86_64.whl", hash = "sha256:8d759e71906ee783f8867b93bf26a265743da4c1e2f4a018464c1ba019862972", size = 449774, upload-time = "2026-06-08T17:34:41.204Z" },
    { url = "https://files.pythonhosted.org/packages/35/37/d434c73f4c6e014b745b9b37085f34f40c022f007efff3d7fe65991899f3/tornado-6.5.7-cp39-abi3-manylinux2014_aarch64.manylinux_2_17_aarch64.manylinux_2_28_aarch64.whl", hash = "sha256:8a46347a18f23fb92b396beebe0fb78f61dda0cc302445202c16203d8a18848b", size = 450745, upload-time = "2026-06-08T17:34:42.531Z" },
    { url = "https://files.pythonhosted.org/packages/b6/2b/56b9aff361d7f1ab728a805ec7d7ea835f8807afa9f5cc690ea0e630efb9/tornado-6.5.7-cp39-abi3-musllinux_1_2_aarch64.whl", hash = "sha256:7778b30bef919231265e91c69963ce0f49a1e9c07ac900bbe75b19ce2575ba92", size = 450578, upload-time = "2026-06-08T17:34:43.787Z" },
    { url = "https://files.pythonhosted.org/packages/02/30/a7444fb23aa76860a14198fab96ac79f1866b0a6e19e26c4381b0938e50f/tornado-6.5.7-cp39-abi3-musllinux_1_2_x86_64.whl", hash = "sha256:e726f0c75da7726eec023aa62751ff8878bd2737e34fbdd33b1ae5897d2200f5", size = 449985, upload-time = "2026-06-08T17:34:45.326Z" },
    { url = "https://files.pythonhosted.org/packages/5c/42/5f0e56c01e8d9d36f4e23f367b85ae6cae0c1ecddd5e6977d8388ad27488/tornado-6.5.7-cp39-abi3-win32.whl", hash = "sha256:f8de3bf12d3efdd0cbe7c8887868198f8a91415e3f29fcf258d9b8eb7b1d9ae4", size = 451047, upload-time = "2026-06-08T17:34:46.784Z" },
    { url = "https://files.pythonhosted.org/packages/c9/a4/b393076ffb21b469eec5b328a0534cf03a3b90bfc6b1f09507cdd075d938/tornado-6.5.7-cp39-abi3-win_amd64.whl", hash = "sha256:de942f843533a039ef9fa3d9c88c7cd8a7c94553fb5ad0154270989b3d99a2c4", size = 451485, upload-time = "2026-06-08T17:34:48.248Z" },
    { url = "https://files.pythonhosted.org/packages/71/2e/7b1c769803121b809112cf9a00681c472eae1d80e32d7ec0e0bd61d0d0e1/tornado-6.5.7-cp39-abi3-win_arm64.whl", hash = "sha256:ff934fce95643af5f11efdae618eaa73d469dc588641e5c8d19295a0c65c4796", size = 450506, upload-time = "2026-06-08T17:34:49.702Z" },
]

[[package]]
name = "tqdm"
version = "4.68.3"
source = { registry = "https://pypi.org/simple" }
dependencies = [
    { name = "colorama", marker = "sys_platform == 'win32'" },
]
sdist = { url = "https://files.pythonhosted.org/packages/87/d7/0535a28b1f5f24f6612fb3ff1e89fb1a8d160fee0f976e0aa6803862134b/tqdm-4.68.3.tar.gz", hash = "sha256:00dfa48452b6b6cfae3dd9885636c23d3422d1ec97c66d96818cbd5e0821d482", size = 170596, upload-time = "2026-06-17T07:36:52.105Z" }
wheels = [
    { url = "https://files.pythonhosted.org/packages/d8/8e/bb97bb0c71802080bfc8952937d174e49cfc50de5c951dd47b2496f0dcdb/tqdm-4.68.3-py3-none-any.whl", hash = "sha256:39832cc2def2789a6f29df83f172db7416cea70052c0907a57801c5f2fdccb03", size = 78337, upload-time = "2026-06-17T07:36:50.132Z" },
]

[[package]]
name = "tzdata"
version = "2026.2"
source = { registry = "https://pypi.org/simple" }
sdist = { url = "https://files.pythonhosted.org/packages/ba/19/1b9b0e29f30c6d35cb345486df41110984ea67ae69dddbc0e8a100999493/tzdata-2026.2.tar.gz", hash = "sha256:9173fde7d80d9018e02a662e168e5a2d04f87c41ea174b139fbef642eda62d10", size = 198254, upload-time = "2026-04-24T15:22:08.651Z" }
wheels = [
    { url = "https://files.pythonhosted.org/packages/ce/e4/dccd7f47c4b64213ac01ef921a1337ee6e30e8c6466046018326977efd95/tzdata-2026.2-py2.py3-none-any.whl", hash = "sha256:bbe9af844f658da81a5f95019480da3a89415801f6cc966806612cc7169bffe7", size = 349321, upload-time = "2026-04-24T15:22:05.876Z" },
]

[[package]]
name = "xyzservices"
version = "2026.3.0"
source = { registry = "https://pypi.org/simple" }
sdist = { url = "https://files.pythonhosted.org/packages/f6/08/3cb9f67a8d48021aca2a02292cc26eecd71d949ae70ad66420a8730cc302/xyzservices-2026.3.0.tar.gz", hash = "sha256:d226866a5d8e9fef337034d8da37a8298f0a1d9d1489b4018e69579eb321fea4", size = 1135736, upload-time = "2026-03-30T14:42:25.596Z" }
wheels = [
    { url = "https://files.pythonhosted.org/packages/a8/a9/d23012099dc88ec69a29c6407b41d89681cb674c2043cd5b467c7e299c08/xyzservices-2026.3.0-py3-none-any.whl", hash = "sha256:503183d4b322bfebc3c50cdd21192aa3e81e36c5efbf9133d54ae82143e0576b", size = 94101, upload-time = "2026-03-30T14:42:24.608Z" },
]
